
Microsoft Visual Studio Solution File, Format Version 12.00
# Visual Studio Version 17
VisualStudioVersion = 17.1.32228.430
MinimumVisualStudioVersion = 10.0.40219.1
Project("{9A19103F-16F7-4668-BE54-9A1E7A4F7556}") = "Device.Intellifan", "Device.Intellifan\Device.Intellifan.csproj", "{EB9ABDF6-3D39-4887-BB99-07F4555EA25E}"
EndProject
Project("{9A19103F-16F7-4668-BE54-9A1E7A4F7556}") = "AzureFunctions", "AzureFunctions\AzureFunctions.csproj", "{2076E923-C842-49D1-951A-B88DCEFFE96E}"
EndProject
Project("{9A19103F-16F7-4668-BE54-9A1E7A4F7556}") = "SmartApp", "SmartApp\SmartApp.csproj", "{DC0C70C8-F435-4245-894C-DCF531B902C1}"
EndProject
Project("{9A19103F-16F7-4668-BE54-9A1E7A4F7556}") = "IOTDevice", "IOTDevice\IOTDevice.csproj", "{F79A0330-B6B9-4A08-A997-CDFDE9ED0B75}"
EndProject
Project("{FAE04EC0-301F-11D3-BF4B-00C04F79EFBC}") = "DeviceConsoleApp", "DeviceConsoleApp\DeviceConsoleApp.csproj", "{EE78D706-05F1-451F-BE6B-B1C33EA2E974}"
EndProject
Global
	GlobalSection(SolutionConfigurationPlatforms) = preSolution
		Debug|Any CPU = Debug|Any CPU
		Debug|ARM = Debug|ARM
		Debug|ARM64 = Debug|ARM64
		Debug|x64 = Debug|x64
		Debug|x86 = Debug|x86
		Release|Any CPU = Release|Any CPU
		Release|ARM = Release|ARM
		Release|ARM64 = Release|ARM64
		Release|x64 = Release|x64
		Release|x86 = Release|x86
	EndGlobalSection
	GlobalSection(ProjectConfigurationPlatforms) = postSolution
		{EB9ABDF6-3D39-4887-BB99-07F4555EA25E}.Debug|Any CPU.ActiveCfg = Debug|Any CPU
		{EB9ABDF6-3D39-4887-BB99-07F4555EA25E}.Debug|Any CPU.Build.0 = Debug|Any CPU
		{EB9ABDF6-3D39-4887-BB99-07F4555EA25E}.Debug|ARM.ActiveCfg = Debug|Any CPU
		{EB9ABDF6-3D39-4887-BB99-07F4555EA25E}.Debug|ARM.Build.0 = Debug|Any CPU
		{EB9ABDF6-3D39-4887-BB99-07F4555EA25E}.Debug|ARM64.ActiveCfg = Debug|Any CPU
		{EB9ABDF6-3D39-4887-BB99-07F4555EA25E}.Debug|ARM64.Build.0 = Debug|Any CPU
		{EB9ABDF6-3D39-4887-BB99-07F4555EA25E}.Debug|x64.ActiveCfg = Debug|Any CPU
		{EB9ABDF6-3D39-4887-BB99-07F4555EA25E}.Debug|x64.Build.0 = Debug|Any CPU
		{EB9ABDF6-3D39-4887-BB99-07F4555EA25E}.Debug|x86.ActiveCfg = Debug|Any CPU
		{EB9ABDF6-3D39-4887-BB99-07F4555EA25E}.Debug|x86.Build.0 = Debug|Any CPU
		{EB9ABDF6-3D39-4887-BB99-07F4555EA25E}.Release|Any CPU.ActiveCfg = Release|Any CPU
		{EB9ABDF6-3D39-4887-BB99-07F4555EA25E}.Release|Any CPU.Build.0 = Release|Any CPU
		{EB9ABDF6-3D39-4887-BB99-07F4555EA25E}.Release|ARM.ActiveCfg = Release|Any CPU
		{EB9ABDF6-3D39-4887-BB99-07F4555EA25E}.Release|ARM.Build.0 = Release|Any CPU
		{EB9ABDF6-3D39-4887-BB99-07F4555EA25E}.Release|ARM64.ActiveCfg = Release|Any CPU
		{EB9ABDF6-3D39-4887-BB99-07F4555EA25E}.Release|ARM64.Build.0 = Release|Any CPU
		{EB9ABDF6-3D39-4887-BB99-07F4555EA25E}.Release|x64.ActiveCfg = Release|Any CPU
		{EB9ABDF6-3D39-4887-BB99-07F4555EA25E}.Release|x64.Build.0 = Release|Any CPU
		{EB9ABDF6-3D39-4887-BB99-07F4555EA25E}.Release|x86.ActiveCfg = Release|Any CPU
		{EB9ABDF6-3D39-4887-BB99-07F4555EA25E}.Release|x86.Build.0 = Release|Any CPU
		{2076E923-C842-49D1-951A-B88DCEFFE96E}.Debug|Any CPU.ActiveCfg = Debug|Any CPU
		{2076E923-C842-49D1-951A-B88DCEFFE96E}.Debug|Any CPU.Build.0 = Debug|Any CPU
		{2076E923-C842-49D1-951A-B88DCEFFE96E}.Debug|ARM.ActiveCfg = Debug|Any CPU
		{2076E923-C842-49D1-951A-B88DCEFFE96E}.Debug|ARM.Build.0 = Debug|Any CPU
		{2076E923-C842-49D1-951A-B88DCEFFE96E}.Debug|ARM64.ActiveCfg = Debug|Any CPU
		{2076E923-C842-49D1-951A-B88DCEFFE96E}.Debug|ARM64.Build.0 = Debug|Any CPU
		{2076E923-C842-49D1-951A-B88DCEFFE96E}.Debug|x64.ActiveCfg = Debug|Any CPU
		{2076E923-C842-49D1-951A-B88DCEFFE96E}.Debug|x64.Build.0 = Debug|Any CPU
		{2076E923-C842-49D1-951A-B88DCEFFE96E}.Debug|x86.ActiveCfg = Debug|Any CPU
		{2076E923-C842-49D1-951A-B88DCEFFE96E}.Debug|x86.Build.0 = Debug|Any CPU
		{2076E923-C842-49D1-951A-B88DCEFFE96E}.Release|Any CPU.ActiveCfg = Release|Any CPU
		{2076E923-C842-49D1-951A-B88DCEFFE96E}.Release|Any CPU.Build.0 = Release|Any CPU
		{2076E923-C842-49D1-951A-B88DCEFFE96E}.Release|ARM.ActiveCfg = Release|Any CPU
		{2076E923-C842-49D1-951A-B88DCEFFE96E}.Release|ARM.Build.0 = Release|Any CPU
		{2076E923-C842-49D1-951A-B88DCEFFE96E}.Release|ARM64.ActiveCfg = Release|Any CPU
		{2076E923-C842-49D1-951A-B88DCEFFE96E}.Release|ARM64.Build.0 = Release|Any CPU
		{2076E923-C842-49D1-951A-B88DCEFFE96E}.Release|x64.ActiveCfg = Release|Any CPU
		{2076E923-C842-49D1-951A-B88DCEFFE96E}.Release|x64.Build.0 = Release|Any CPU
		{2076E923-C842-49D1-951A-B88DCEFFE96E}.Release|x86.ActiveCfg = Release|Any CPU
		{2076E923-C842-49D1-951A-B88DCEFFE96E}.Release|x86.Build.0 = Release|Any CPU
		{DC0C70C8-F435-4245-894C-DCF531B902C1}.Debug|Any CPU.ActiveCfg = Debug|Any CPU
		{DC0C70C8-F435-4245-894C-DCF531B902C1}.Debug|Any CPU.Build.0 = Debug|Any CPU
		{DC0C70C8-F435-4245-894C-DCF531B902C1}.Debug|ARM.ActiveCfg = Debug|Any CPU
		{DC0C70C8-F435-4245-894C-DCF531B902C1}.Debug|ARM.Build.0 = Debug|Any CPU
		{DC0C70C8-F435-4245-894C-DCF531B902C1}.Debug|ARM64.ActiveCfg = Debug|Any CPU
		{DC0C70C8-F435-4245-894C-DCF531B902C1}.Debug|ARM64.Build.0 = Debug|Any CPU
		{DC0C70C8-F435-4245-894C-DCF531B902C1}.Debug|x64.ActiveCfg = Debug|Any CPU
		{DC0C70C8-F435-4245-894C-DCF531B902C1}.Debug|x64.Build.0 = Debug|Any CPU
		{DC0C70C8-F435-4245-894C-DCF531B902C1}.Debug|x86.ActiveCfg = Debug|Any CPU
		{DC0C70C8-F435-4245-894C-DCF531B902C1}.Debug|x86.Build.0 = Debug|Any CPU
		{DC0C70C8-F435-4245-894C-DCF531B902C1}.Release|Any CPU.ActiveCfg = Release|Any CPU
		{DC0C70C8-F435-4245-894C-DCF531B902C1}.Release|Any CPU.Build.0 = Release|Any CPU
		{DC0C70C8-F435-4245-894C-DCF531B902C1}.Release|ARM.ActiveCfg = Release|Any CPU
		{DC0C70C8-F435-4245-894C-DCF531B902C1}.Release|ARM.Build.0 = Release|Any CPU
		{DC0C70C8-F435-4245-894C-DCF531B902C1}.Release|ARM64.ActiveCfg = Release|Any CPU
		{DC0C70C8-F435-4245-894C-DCF531B902C1}.Release|ARM64.Build.0 = Release|Any CPU
		{DC0C70C8-F435-4245-894C-DCF531B902C1}.Release|x64.ActiveCfg = Release|Any CPU
		{DC0C70C8-F435-4245-894C-DCF531B902C1}.Release|x64.Build.0 = Release|Any CPU
		{DC0C70C8-F435-4245-894C-DCF531B902C1}.Release|x86.ActiveCfg = Release|Any CPU
		{DC0C70C8-F435-4245-894C-DCF531B902C1}.Release|x86.Build.0 = Release|Any CPU
		{F79A0330-B6B9-4A08-A997-CDFDE9ED0B75}.Debug|Any CPU.ActiveCfg = Debug|Any CPU
		{F79A0330-B6B9-4A08-A997-CDFDE9ED0B75}.Debug|Any CPU.Build.0 = Debug|Any CPU
		{F79A0330-B6B9-4A08-A997-CDFDE9ED0B75}.Debug|ARM.ActiveCfg = Debug|Any CPU
		{F79A0330-B6B9-4A08-A997-CDFDE9ED0B75}.Debug|ARM.Build.0 = Debug|Any CPU
		{F79A0330-B6B9-4A08-A997-CDFDE9ED0B75}.Debug|ARM64.ActiveCfg = Debug|Any CPU
		{F79A0330-B6B9-4A08-A997-CDFDE9ED0B75}.Debug|ARM64.Build.0 = Debug|Any CPU
		{F79A0330-B6B9-4A08-A997-CDFDE9ED0B75}.Debug|x64.ActiveCfg = Debug|Any CPU
		{F79A0330-B6B9-4A08-A997-CDFDE9ED0B75}.Debug|x64.Build.0 = Debug|Any CPU
		{F79A0330-B6B9-4A08-A997-CDFDE9ED0B75}.Debug|x86.ActiveCfg = Debug|Any CPU
		{F79A0330-B6B9-4A08-A997-CDFDE9ED0B75}.Debug|x86.Build.0 = Debug|Any CPU
		{F79A0330-B6B9-4A08-A997-CDFDE9ED0B75}.Release|Any CPU.ActiveCfg = Release|Any CPU
		{F79A0330-B6B9-4A08-A997-CDFDE9ED0B75}.Release|Any CPU.Build.0 = Release|Any CPU
		{F79A0330-B6B9-4A08-A997-CDFDE9ED0B75}.Release|ARM.ActiveCfg = Release|Any CPU
		{F79A0330-B6B9-4A08-A997-CDFDE9ED0B75}.Release|ARM.Build.0 = Release|Any CPU
		{F79A0330-B6B9-4A08-A997-CDFDE9ED0B75}.Release|ARM64.ActiveCfg = Release|Any CPU
		{F79A0330-B6B9-4A08-A997-CDFDE9ED0B75}.Release|ARM64.Build.0 = Release|Any CPU
		{F79A0330-B6B9-4A08-A997-CDFDE9ED0B75}.Release|x64.ActiveCfg = Release|Any CPU
		{F79A0330-B6B9-4A08-A997-CDFDE9ED0B75}.Release|x64.Build.0 = Release|Any CPU
		{F79A0330-B6B9-4A08-A997-CDFDE9ED0B75}.Release|x86.ActiveCfg = Release|Any CPU
		{F79A0330-B6B9-4A08-A997-CDFDE9ED0B75}.Release|x86.Build.0 = Release|Any CPU
		{EE78D706-05F1-451F-BE6B-B1C33EA2E974}.Debug|Any CPU.ActiveCfg = Debug|Any CPU
		{EE78D706-05F1-451F-BE6B-B1C33EA2E974}.Debug|Any CPU.Build.0 = Debug|Any CPU
		{EE78D706-05F1-451F-BE6B-B1C33EA2E974}.Debug|ARM.ActiveCfg = Debug|Any CPU
		{EE78D706-05F1-451F-BE6B-B1C33EA2E974}.Debug|ARM.Build.0 = Debug|Any CPU
		{EE78D706-05F1-451F-BE6B-B1C33EA2E974}.Debug|ARM64.ActiveCfg = Debug|Any CPU
		{EE78D706-05F1-451F-BE6B-B1C33EA2E974}.Debug|ARM64.Build.0 = Debug|Any CPU
		{EE78D706-05F1-451F-BE6B-B1C33EA2E974}.Debug|x64.ActiveCfg = Debug|Any CPU
		{EE78D706-05F1-451F-BE6B-B1C33EA2E974}.Debug|x64.Build.0 = Debug|Any CPU
		{EE78D706-05F1-451F-BE6B-B1C33EA2E974}.Debug|x86.ActiveCfg = Debug|Any CPU
		{EE78D706-05F1-451F-BE6B-B1C33EA2E974}.Debug|x86.Build.0 = Debug|Any CPU
		{EE78D706-05F1-451F-BE6B-B1C33EA2E974}.Release|Any CPU.ActiveCfg = Release|Any CPU
		{EE78D706-05F1-451F-BE6B-B1C33EA2E974}.Release|Any CPU.Build.0 = Release|Any CPU
		{EE78D706-05F1-451F-BE6B-B1C33EA2E974}.Release|ARM.ActiveCfg = Release|Any CPU
		{EE78D706-05F1-451F-BE6B-B1C33EA2E974}.Release|ARM.Build.0 = Release|Any CPU
		{EE78D706-05F1-451F-BE6B-B1C33EA2E974}.Release|ARM64.ActiveCfg = Release|Any CPU
		{EE78D706-05F1-451F-BE6B-B1C33EA2E974}.Release|ARM64.Build.0 = Release|Any CPU
		{EE78D706-05F1-451F-BE6B-B1C33EA2E974}.Release|x64.ActiveCfg = Release|Any CPU
		{EE78D706-05F1-451F-BE6B-B1C33EA2E974}.Release|x64.Build.0 = Release|Any CPU
		{EE78D706-05F1-451F-BE6B-B1C33EA2E974}.Release|x86.ActiveCfg = Release|Any CPU
		{EE78D706-05F1-451F-BE6B-B1C33EA2E974}.Release|x86.Build.0 = Release|Any CPU
	EndGlobalSection
	GlobalSection(SolutionProperties) = preSolution
		HideSolutionNode = FALSE
	EndGlobalSection
	GlobalSection(ExtensibilityGlobals) = postSolution
		SolutionGuid = {EA2862FF-ECAC-4348-B5EE-EA99D140DF74}
	EndGlobalSection
EndGlobal
